
Microsoft Visual Studio Solution File, Format Version 12.00
# Visual Studio Version 16
VisualStudioVersion = 16.0.33801.447
MinimumVisualStudioVersion = 10.0.40219.1
Project("{FAE04EC0-301F-11D3-BF4B-00C04F79EFBC}") = "MusorPaint", "MusorPaint\MusorPaint.csproj", "{909E7F7D-6669-4CCF-B274-BD7CAEDA6247}"
EndProject
Global
	GlobalSection(SolutionConfigurationPlatforms) = preSolution
		Debug|Any CPU = Debug|Any CPU
		Release|Any CPU = Release|Any CPU
	EndGlobalSection
	GlobalSection(ProjectConfigurationPlatforms) = postSolution
		{909E7F7D-6669-4CCF-B274-BD7CAEDA6247}.Debug|Any CPU.ActiveCfg = Release|Any CPU
		{909E7F7D-6669-4CCF-B274-BD7CAEDA6247}.Debug|Any CPU.Build.0 = Release|Any CPU
		{909E7F7D-6669-4CCF-B274-BD7CAEDA6247}.Release|Any CPU.ActiveCfg = Release|Any CPU
		{909E7F7D-6669-4CCF-B274-BD7CAEDA6247}.Release|Any CPU.Build.0 = Release|Any CPU
	EndGlobalSection
	GlobalSection(SolutionProperties) = preSolution
		HideSolutionNode = FALSE
	EndGlobalSection
	GlobalSection(ExtensibilityGlobals) = postSolution
		SolutionGuid = {F286A5E6-909E-43F9-8C58-56C5D4D2D85A}
	EndGlobalSection
EndGlobal
